
Microsoft Visual Studio Solution File, Format Version 12.00
# Visual Studio Version 17
VisualStudioVersion = 17.2.32616.157
MinimumVisualStudioVersion = 10.0.40219.1
Project("{FAE04EC0-301F-11D3-BF4B-00C04F79EFBC}") = "segunparcial", "segunparcial\segunparcial.csproj", "{043770D7-61E2-4961-8AC3-D2607129DDBA}"
EndProject
Global
	GlobalSection(SolutionConfigurationPlatforms) = preSolution
		Debug|Any CPU = Debug|Any CPU
		Release|Any CPU = Release|Any CPU
	EndGlobalSection
	GlobalSection(ProjectConfigurationPlatforms) = postSolution
		{043770D7-61E2-4961-8AC3-D2607129DDBA}.Debug|Any CPU.ActiveCfg = Debug|Any CPU
		{043770D7-61E2-4961-8AC3-D2607129DDBA}.Debug|Any CPU.Build.0 = Debug|Any CPU
		{043770D7-61E2-4961-8AC3-D2607129DDBA}.Release|Any CPU.ActiveCfg = Release|Any CPU
		{043770D7-61E2-4961-8AC3-D2607129DDBA}.Release|Any CPU.Build.0 = Release|Any CPU
	EndGlobalSection
	GlobalSection(SolutionProperties) = preSolution
		HideSolutionNode = FALSE
	EndGlobalSection
	GlobalSection(ExtensibilityGlobals) = postSolution
		SolutionGuid = {7AE82676-BE6E-4FF7-AF66-36FBA033525C}
	EndGlobalSection
EndGlobal
